
Microsoft Visual Studio Solution File, Format Version 11.00
# Visual Studio 2010
Project("{8BC9CEB8-8B4A-11D0-8D11-00A0C91BC942}") = "Project1_167", "Project1_167\Project1_167.vcxproj", "{3C8217E8-9E98-41AF-B1B7-ED015D21E522}"
EndProject
Project("{8BC9CEB8-8B4A-11D0-8D11-00A0C91BC942}") = "Lib", "Lib\Lib.vcxproj", "{75A57D91-1E98-4984-979D-535A19A6D19D}"
EndProject
Project("{8BC9CEB8-8B4A-11D0-8D11-00A0C91BC942}") = "Testing", "Testing\Testing.vcxproj", "{D51A0EF9-8CAE-480F-B73E-D4B37BC1A342}"
EndProject
Project("{2150E333-8FDC-42A3-9474-1A3956D46DE8}") = "Solution Items", "Solution Items", "{3CB4BA20-2298-4375-B7EC-E5EC9F25F14D}"
	ProjectSection(SolutionItems) = preProject
		Local.testsettings = Local.testsettings
		Project1_167.vsmdi = Project1_167.vsmdi
		TraceAndTestImpact.testsettings = TraceAndTestImpact.testsettings
	EndProjectSection
EndProject
Global
	GlobalSection(TestCaseManagementSettings) = postSolution
		CategoryFile = Project1_167.vsmdi
	EndGlobalSection
	GlobalSection(SolutionConfigurationPlatforms) = preSolution
		Debug|Win32 = Debug|Win32
		Release|Win32 = Release|Win32
	EndGlobalSection
	GlobalSection(ProjectConfigurationPlatforms) = postSolution
		{3C8217E8-9E98-41AF-B1B7-ED015D21E522}.Debug|Win32.ActiveCfg = Debug|Win32
		{3C8217E8-9E98-41AF-B1B7-ED015D21E522}.Debug|Win32.Build.0 = Debug|Win32
		{3C8217E8-9E98-41AF-B1B7-ED015D21E522}.Release|Win32.ActiveCfg = Release|Win32
		{3C8217E8-9E98-41AF-B1B7-ED015D21E522}.Release|Win32.Build.0 = Release|Win32
		{75A57D91-1E98-4984-979D-535A19A6D19D}.Debug|Win32.ActiveCfg = Debug|Win32
		{75A57D91-1E98-4984-979D-535A19A6D19D}.Debug|Win32.Build.0 = Debug|Win32
		{75A57D91-1E98-4984-979D-535A19A6D19D}.Release|Win32.ActiveCfg = Release|Win32
		{75A57D91-1E98-4984-979D-535A19A6D19D}.Release|Win32.Build.0 = Release|Win32
		{D51A0EF9-8CAE-480F-B73E-D4B37BC1A342}.Debug|Win32.ActiveCfg = Debug|Win32
		{D51A0EF9-8CAE-480F-B73E-D4B37BC1A342}.Debug|Win32.Build.0 = Debug|Win32
		{D51A0EF9-8CAE-480F-B73E-D4B37BC1A342}.Release|Win32.ActiveCfg = Release|Win32
		{D51A0EF9-8CAE-480F-B73E-D4B37BC1A342}.Release|Win32.Build.0 = Release|Win32
	EndGlobalSection
	GlobalSection(SolutionProperties) = preSolution
		HideSolutionNode = FALSE
	EndGlobalSection
EndGlobal
